Microsoft Visual Studio Solution File, Format Version 11.00
# Visual Studio 2008

Project("{4624A2B1-025D-136F-7C9F-DC41CF149711}") = "COMP305_2DPlatformaer_JihoYoo_300813612", "Assembly-CSharp.csproj", "{622B58FD-2F28-3700-425A-83AFEF422A2D}"
EndProject
Global
	GlobalSection(SolutionConfigurationPlatforms) = preSolution
		Debug|Any CPU = Debug|Any CPU
		Release|Any CPU = Release|Any CPU
	EndGlobalSection
	GlobalSection(ProjectConfigurationPlatforms) = postSolution
		{622B58FD-2F28-3700-425A-83AFEF422A2D}.Debug|Any CPU.ActiveCfg = Debug|Any CPU
		{622B58FD-2F28-3700-425A-83AFEF422A2D}.Debug|Any CPU.Build.0 = Debug|Any CPU
		{622B58FD-2F28-3700-425A-83AFEF422A2D}.Release|Any CPU.ActiveCfg = Release|Any CPU
		{622B58FD-2F28-3700-425A-83AFEF422A2D}.Release|Any CPU.Build.0 = Release|Any CPU
	EndGlobalSection
	GlobalSection(SolutionProperties) = preSolution
		HideSolutionNode = FALSE
	EndGlobalSection
	GlobalSection(MonoDevelopProperties) = preSolution
		StartupItem = Assembly-CSharp.csproj
	EndGlobalSection
EndGlobal
